
Microsoft Visual Studio Solution File, Format Version 12.00
# Visual Studio Version 16
VisualStudioVersion = 16.0.31313.79
MinimumVisualStudioVersion = 10.0.40219.1
Project("{FAE04EC0-301F-11D3-BF4B-00C04F79EFBC}") = "GtaV_Categorise_And_Download_Vehicle_Images", "GtaV_Categorise_And_Download_Vehicle_Images\GtaV_Categorise_And_Download_Vehicle_Images.csproj", "{4E29D211-5B25-4BDA-BA5C-F917A5DFAF06}"
EndProject
Global
	GlobalSection(SolutionConfigurationPlatforms) = preSolution
		Debug|Any CPU = Debug|Any CPU
		Release|Any CPU = Release|Any CPU
	EndGlobalSection
	GlobalSection(ProjectConfigurationPlatforms) = postSolution
		{4E29D211-5B25-4BDA-BA5C-F917A5DFAF06}.Debug|Any CPU.ActiveCfg = Debug|Any CPU
		{4E29D211-5B25-4BDA-BA5C-F917A5DFAF06}.Debug|Any CPU.Build.0 = Debug|Any CPU
		{4E29D211-5B25-4BDA-BA5C-F917A5DFAF06}.Release|Any CPU.ActiveCfg = Release|Any CPU
		{4E29D211-5B25-4BDA-BA5C-F917A5DFAF06}.Release|Any CPU.Build.0 = Release|Any CPU
	EndGlobalSection
	GlobalSection(SolutionProperties) = preSolution
		HideSolutionNode = FALSE
	EndGlobalSection
	GlobalSection(ExtensibilityGlobals) = postSolution
		SolutionGuid = {CCDE79A3-91B2-4CF0-B0F2-45AEBEA70B27}
	EndGlobalSection
EndGlobal
Project("{FAE04EC0-301F-11D3-BF4B-00C04F79EFBC}") = "RIP_GTA_IMAGES", "RIP_GTA_IMAGES\RIP_GTA_IMAGES.csproj", "{71100E72-0D10-4A13-8667-BF57345366EC}"
EndProject
Global
	GlobalSection(SolutionConfigurationPlatforms) = preSolution
		Debug|Any CPU = Debug|Any CPU
		Release|Any CPU = Release|Any CPU
	EndGlobalSection
	GlobalSection(ProjectConfigurationPlatforms) = postSolution
		{71100E72-0D10-4A13-8667-BF57345366EC}.Debug|Any CPU.ActiveCfg = Debug|Any CPU
		{71100E72-0D10-4A13-8667-BF57345366EC}.Debug|Any CPU.Build.0 = Debug|Any CPU
		{71100E72-0D10-4A13-8667-BF57345366EC}.Release|Any CPU.ActiveCfg = Release|Any CPU
		{71100E72-0D10-4A13-8667-BF57345366EC}.Release|Any CPU.Build.0 = Release|Any CPU
	EndGlobalSection
	GlobalSection(SolutionProperties) = preSolution
		HideSolutionNode = FALSE
	EndGlobalSection
	GlobalSection(ExtensibilityGlobals) = postSolution
		SolutionGuid = {1B2BC5A6-D591-4F9C-A73A-8AC00E5B6C85}
	EndGlobalSection
EndGlobal

